
Microsoft Visual Studio Solution File, Format Version 12.00
# Visual Studio Version 17
VisualStudioVersion = 17.11.35312.102
MinimumVisualStudioVersion = 10.0.40219.1
Project("{FAE04EC0-301F-11D3-BF4B-00C04F79EFBC}") = "ImdbListesi", "ImdbListesi\ImdbListesi.csproj", "{13B4176B-E92E-42B3-B922-952AF94AEE62}"
EndProject
Global
	GlobalSection(SolutionConfigurationPlatforms) = preSolution
		Debug|Any CPU = Debug|Any CPU
		Release|Any CPU = Release|Any CPU
	EndGlobalSection
	GlobalSection(ProjectConfigurationPlatforms) = postSolution
		{13B4176B-E92E-42B3-B922-952AF94AEE62}.Debug|Any CPU.ActiveCfg = Debug|Any CPU
		{13B4176B-E92E-42B3-B922-952AF94AEE62}.Debug|Any CPU.Build.0 = Debug|Any CPU
		{13B4176B-E92E-42B3-B922-952AF94AEE62}.Release|Any CPU.ActiveCfg = Release|Any CPU
		{13B4176B-E92E-42B3-B922-952AF94AEE62}.Release|Any CPU.Build.0 = Release|Any CPU
	EndGlobalSection
	GlobalSection(SolutionProperties) = preSolution
		HideSolutionNode = FALSE
	EndGlobalSection
	GlobalSection(ExtensibilityGlobals) = postSolution
		SolutionGuid = {D75E4BBD-AE03-4BC0-8D90-F1239594EA24}
	EndGlobalSection
EndGlobal
